
Microsoft Visual Studio Solution File, Format Version 12.00
# Visual Studio Version 17
VisualStudioVersion = 17.7.34031.279
MinimumVisualStudioVersion = 10.0.40219.1
Project("{FAE04EC0-301F-11D3-BF4B-00C04F79EFBC}") = "LaboAppWebV1.0.0", "LaboAppWebV1.0.0.csproj", "{87710A1C-71ED-4C5A-8758-11EFE555BFD8}"
EndProject
Global
	GlobalSection(SolutionConfigurationPlatforms) = preSolution
		Debug|Any CPU = Debug|Any CPU
		Release|Any CPU = Release|Any CPU
	EndGlobalSection
	GlobalSection(ProjectConfigurationPlatforms) = postSolution
		{87710A1C-71ED-4C5A-8758-11EFE555BFD8}.Debug|Any CPU.ActiveCfg = Debug|Any CPU
		{87710A1C-71ED-4C5A-8758-11EFE555BFD8}.Debug|Any CPU.Build.0 = Debug|Any CPU
		{87710A1C-71ED-4C5A-8758-11EFE555BFD8}.Release|Any CPU.ActiveCfg = Release|Any CPU
		{87710A1C-71ED-4C5A-8758-11EFE555BFD8}.Release|Any CPU.Build.0 = Release|Any CPU
	EndGlobalSection
	GlobalSection(SolutionProperties) = preSolution
		HideSolutionNode = FALSE
	EndGlobalSection
	GlobalSection(ExtensibilityGlobals) = postSolution
		SolutionGuid = {6184F017-7242-4EA3-8A3F-300B382F9049}
	EndGlobalSection
EndGlobal
